
Microsoft Visual Studio Solution File, Format Version 12.00
# Visual Studio 14
VisualStudioVersion = 14.0.25123.0
MinimumVisualStudioVersion = 10.0.40219.1
Project("{FAE04EC0-301F-11D3-BF4B-00C04F79EFBC}") = "PropertyAnalysisMobile.Droid", "PropertyAnalysisMobile\PropertyAnalysisMobile.Droid\PropertyAnalysisMobile.Droid.csproj", "{368F1A65-1A3C-4F04-B217-DF5E0077C532}"
EndProject
Project("{FAE04EC0-301F-11D3-BF4B-00C04F79EFBC}") = "PropertyAnalysisMobile.iOS", "PropertyAnalysisMobile\PropertyAnalysisMobile.iOS\PropertyAnalysisMobile.iOS.csproj", "{C1611D1E-E736-4A22-B96A-2E3E855D903D}"
EndProject
Project("{FAE04EC0-301F-11D3-BF4B-00C04F79EFBC}") = "PropertyAnalysisMobile.WinPhone", "PropertyAnalysisMobile\PropertyAnalysisMobile.WinPhone\PropertyAnalysisMobile.WinPhone.csproj", "{CB74C572-838B-4221-A998-39210C0B4EB1}"
EndProject
Project("{FAE04EC0-301F-11D3-BF4B-00C04F79EFBC}") = "PropertyAnalysisMobile", "PropertyAnalysisMobile\PropertyAnalysisMobile\PropertyAnalysisMobile.csproj", "{C46753E6-E5CA-4AA9-87D2-004764DB26D5}"
EndProject
Global
	GlobalSection(SolutionConfigurationPlatforms) = preSolution
		Ad-Hoc|Android = Ad-Hoc|Android
		Ad-Hoc|Any CPU = Ad-Hoc|Any CPU
		Ad-Hoc|ARM = Ad-Hoc|ARM
		Ad-Hoc|iPhone = Ad-Hoc|iPhone
		Ad-Hoc|iPhoneSimulator = Ad-Hoc|iPhoneSimulator
		Ad-Hoc|x86 = Ad-Hoc|x86
		AppStore|Android = AppStore|Android
		AppStore|Any CPU = AppStore|Any CPU
		AppStore|ARM = AppStore|ARM
		AppStore|iPhone = AppStore|iPhone
		AppStore|iPhoneSimulator = AppStore|iPhoneSimulator
		AppStore|x86 = AppStore|x86
		Debug|Android = Debug|Android
		Debug|Any CPU = Debug|Any CPU
		Debug|ARM = Debug|ARM
		Debug|iPhone = Debug|iPhone
		Debug|iPhoneSimulator = Debug|iPhoneSimulator
		Debug|x86 = Debug|x86
		Release|Android = Release|Android
		Release|Any CPU = Release|Any CPU
		Release|ARM = Release|ARM
		Release|iPhone = Release|iPhone
		Release|iPhoneSimulator = Release|iPhoneSimulator
		Release|x86 = Release|x86
	EndGlobalSection
	GlobalSection(ProjectConfigurationPlatforms) = postSolution
		{368F1A65-1A3C-4F04-B217-DF5E0077C532}.Ad-Hoc|Android.ActiveCfg = Release|Any CPU
		{368F1A65-1A3C-4F04-B217-DF5E0077C532}.Ad-Hoc|Android.Build.0 = Release|Any CPU
		{368F1A65-1A3C-4F04-B217-DF5E0077C532}.Ad-Hoc|Android.Deploy.0 = Release|Any CPU
		{368F1A65-1A3C-4F04-B217-DF5E0077C532}.Ad-Hoc|Any CPU.ActiveCfg = Release|Any CPU
		{368F1A65-1A3C-4F04-B217-DF5E0077C532}.Ad-Hoc|Any CPU.Build.0 = Release|Any CPU
		{368F1A65-1A3C-4F04-B217-DF5E0077C532}.Ad-Hoc|Any CPU.Deploy.0 = Release|Any CPU
		{368F1A65-1A3C-4F04-B217-DF5E0077C532}.Ad-Hoc|ARM.ActiveCfg = Release|Any CPU
		{368F1A65-1A3C-4F04-B217-DF5E0077C532}.Ad-Hoc|ARM.Build.0 = Release|Any CPU
		{368F1A65-1A3C-4F04-B217-DF5E0077C532}.Ad-Hoc|ARM.Deploy.0 = Release|Any CPU
		{368F1A65-1A3C-4F04-B217-DF5E0077C532}.Ad-Hoc|iPhone.ActiveCfg = Release|Any CPU
		{368F1A65-1A3C-4F04-B217-DF5E0077C532}.Ad-Hoc|iPhone.Build.0 = Release|Any CPU
		{368F1A65-1A3C-4F04-B217-DF5E0077C532}.Ad-Hoc|iPhone.Deploy.0 = Release|Any CPU
		{368F1A65-1A3C-4F04-B217-DF5E0077C532}.Ad-Hoc|iPhoneSimulator.ActiveCfg = Release|Any CPU
		{368F1A65-1A3C-4F04-B217-DF5E0077C532}.Ad-Hoc|iPhoneSimulator.Build.0 = Release|Any CPU
		{368F1A65-1A3C-4F04-B217-DF5E0077C532}.Ad-Hoc|iPhoneSimulator.Deploy.0 = Release|Any CPU
		{368F1A65-1A3C-4F04-B217-DF5E0077C532}.Ad-Hoc|x86.ActiveCfg = Release|Any CPU
		{368F1A65-1A3C-4F04-B217-DF5E0077C532}.Ad-Hoc|x86.Build.0 = Release|Any CPU
		{368F1A65-1A3C-4F04-B217-DF5E0077C532}.Ad-Hoc|x86.Deploy.0 = Release|Any CPU
		{368F1A65-1A3C-4F04-B217-DF5E0077C532}.AppStore|Android.ActiveCfg = Release|Any CPU
		{368F1A65-1A3C-4F04-B217-DF5E0077C532}.AppStore|Android.Build.0 = Release|Any CPU
		{368F1A65-1A3C-4F04-B217-DF5E0077C532}.AppStore|Android.Deploy.0 = Release|Any CPU
		{368F1A65-1A3C-4F04-B217-DF5E0077C532}.AppStore|Any CPU.ActiveCfg = Release|Any CPU
		{368F1A65-1A3C-4F04-B217-DF5E0077C532}.AppStore|Any CPU.Build.0 = Release|Any CPU
		{368F1A65-1A3C-4F04-B217-DF5E0077C532}.AppStore|Any CPU.Deploy.0 = Release|Any CPU
		{368F1A65-1A3C-4F04-B217-DF5E0077C532}.AppStore|ARM.ActiveCfg = Release|Any CPU
		{368F1A65-1A3C-4F04-B217-DF5E0077C532}.AppStore|ARM.Build.0 = Release|Any CPU
		{368F1A65-1A3C-4F04-B217-DF5E0077C532}.AppStore|ARM.Deploy.0 = Release|Any CPU
		{368F1A65-1A3C-4F04-B217-DF5E0077C532}.AppStore|iPhone.ActiveCfg = Release|Any CPU
		{368F1A65-1A3C-4F04-B217-DF5E0077C532}.AppStore|iPhone.Build.0 = Release|Any CPU
		{368F1A65-1A3C-4F04-B217-DF5E0077C532}.AppStore|iPhone.Deploy.0 = Release|Any CPU
		{368F1A65-1A3C-4F04-B217-DF5E0077C532}.AppStore|iPhoneSimulator.ActiveCfg = Release|Any CPU
		{368F1A65-1A3C-4F04-B217-DF5E0077C532}.AppStore|iPhoneSimulator.Build.0 = Release|Any CPU
		{368F1A65-1A3C-4F04-B217-DF5E0077C532}.AppStore|iPhoneSimulator.Deploy.0 = Release|Any CPU
		{368F1A65-1A3C-4F04-B217-DF5E0077C532}.AppStore|x86.ActiveCfg = Release|Any CPU
		{368F1A65-1A3C-4F04-B217-DF5E0077C532}.AppStore|x86.Build.0 = Release|Any CPU
		{368F1A65-1A3C-4F04-B217-DF5E0077C532}.AppStore|x86.Deploy.0 = Release|Any CPU
		{368F1A65-1A3C-4F04-B217-DF5E0077C532}.Debug|Android.ActiveCfg = Debug|Any CPU
		{368F1A65-1A3C-4F04-B217-DF5E0077C532}.Debug|Android.Build.0 = Debug|Any CPU
		{368F1A65-1A3C-4F04-B217-DF5E0077C532}.Debug|Android.Deploy.0 = Debug|Any CPU
		{368F1A65-1A3C-4F04-B217-DF5E0077C532}.Debug|Any CPU.ActiveCfg = Debug|Any CPU
		{368F1A65-1A3C-4F04-B217-DF5E0077C532}.Debug|Any CPU.Build.0 = Debug|Any CPU
		{368F1A65-1A3C-4F04-B217-DF5E0077C532}.Debug|Any CPU.Deploy.0 = Debug|Any CPU
		{368F1A65-1A3C-4F04-B217-DF5E0077C532}.Debug|ARM.ActiveCfg = Debug|Any CPU
		{368F1A65-1A3C-4F04-B217-DF5E0077C532}.Debug|ARM.Build.0 = Debug|Any CPU
		{368F1A65-1A3C-4F04-B217-DF5E0077C532}.Debug|ARM.Deploy.0 = Debug|Any CPU
		{368F1A65-1A3C-4F04-B217-DF5E0077C532}.Debug|iPhone.ActiveCfg = Debug|Any CPU
		{368F1A65-1A3C-4F04-B217-DF5E0077C532}.Debug|iPhoneSimulator.ActiveCfg = Debug|Any CPU
		{368F1A65-1A3C-4F04-B217-DF5E0077C532}.Debug|x86.ActiveCfg = Debug|Any CPU
		{368F1A65-1A3C-4F04-B217-DF5E0077C532}.Release|Android.ActiveCfg = Release|Any CPU
		{368F1A65-1A3C-4F04-B217-DF5E0077C532}.Release|Android.Build.0 = Release|Any CPU
		{368F1A65-1A3C-4F04-B217-DF5E0077C532}.Release|Android.Deploy.0 = Release|Any CPU
		{368F1A65-1A3C-4F04-B217-DF5E0077C532}.Release|Any CPU.ActiveCfg = Release|Any CPU
		{368F1A65-1A3C-4F04-B217-DF5E0077C532}.Release|Any CPU.Build.0 = Release|Any CPU
		{368F1A65-1A3C-4F04-B217-DF5E0077C532}.Release|Any CPU.Deploy.0 = Release|Any CPU
		{368F1A65-1A3C-4F04-B217-DF5E0077C532}.Release|ARM.ActiveCfg = Release|Any CPU
		{368F1A65-1A3C-4F04-B217-DF5E0077C532}.Release|ARM.Build.0 = Release|Any CPU
		{368F1A65-1A3C-4F04-B217-DF5E0077C532}.Release|ARM.Deploy.0 = Release|Any CPU
		{368F1A65-1A3C-4F04-B217-DF5E0077C532}.Release|iPhone.ActiveCfg = Release|Any CPU
		{368F1A65-1A3C-4F04-B217-DF5E0077C532}.Release|iPhone.Build.0 = Release|Any CPU
		{368F1A65-1A3C-4F04-B217-DF5E0077C532}.Release|iPhone.Deploy.0 = Release|Any CPU
		{368F1A65-1A3C-4F04-B217-DF5E0077C532}.Release|iPhoneSimulator.ActiveCfg = Release|Any CPU
		{368F1A65-1A3C-4F04-B217-DF5E0077C532}.Release|iPhoneSimulator.Build.0 = Release|Any CPU
		{368F1A65-1A3C-4F04-B217-DF5E0077C532}.Release|iPhoneSimulator.Deploy.0 = Release|Any CPU
		{368F1A65-1A3C-4F04-B217-DF5E0077C532}.Release|x86.ActiveCfg = Release|Any CPU
		{368F1A65-1A3C-4F04-B217-DF5E0077C532}.Release|x86.Build.0 = Release|Any CPU
		{368F1A65-1A3C-4F04-B217-DF5E0077C532}.Release|x86.Deploy.0 = Release|Any CPU
		{C1611D1E-E736-4A22-B96A-2E3E855D903D}.Ad-Hoc|Android.ActiveCfg = Ad-Hoc|iPhone
		{C1611D1E-E736-4A22-B96A-2E3E855D903D}.Ad-Hoc|Any CPU.ActiveCfg = Ad-Hoc|iPhone
		{C1611D1E-E736-4A22-B96A-2E3E855D903D}.Ad-Hoc|ARM.ActiveCfg = Ad-Hoc|iPhone
		{C1611D1E-E736-4A22-B96A-2E3E855D903D}.Ad-Hoc|iPhone.ActiveCfg = Ad-Hoc|iPhone
		{C1611D1E-E736-4A22-B96A-2E3E855D903D}.Ad-Hoc|iPhone.Build.0 = Ad-Hoc|iPhone
		{C1611D1E-E736-4A22-B96A-2E3E855D903D}.Ad-Hoc|iPhoneSimulator.ActiveCfg = Ad-Hoc|iPhoneSimulator
		{C1611D1E-E736-4A22-B96A-2E3E855D903D}.Ad-Hoc|iPhoneSimulator.Build.0 = Ad-Hoc|iPhoneSimulator
		{C1611D1E-E736-4A22-B96A-2E3E855D903D}.Ad-Hoc|x86.ActiveCfg = Ad-Hoc|iPhone
		{C1611D1E-E736-4A22-B96A-2E3E855D903D}.AppStore|Android.ActiveCfg = AppStore|iPhone
		{C1611D1E-E736-4A22-B96A-2E3E855D903D}.AppStore|Any CPU.ActiveCfg = AppStore|iPhone
		{C1611D1E-E736-4A22-B96A-2E3E855D903D}.AppStore|ARM.ActiveCfg = AppStore|iPhone
		{C1611D1E-E736-4A22-B96A-2E3E855D903D}.AppStore|iPhone.ActiveCfg = AppStore|iPhone
		{C1611D1E-E736-4A22-B96A-2E3E855D903D}.AppStore|iPhone.Build.0 = AppStore|iPhone
		{C1611D1E-E736-4A22-B96A-2E3E855D903D}.AppStore|iPhoneSimulator.ActiveCfg = AppStore|iPhoneSimulator
		{C1611D1E-E736-4A22-B96A-2E3E855D903D}.AppStore|iPhoneSimulator.Build.0 = AppStore|iPhoneSimulator
		{C1611D1E-E736-4A22-B96A-2E3E855D903D}.AppStore|x86.ActiveCfg = AppStore|iPhone
		{C1611D1E-E736-4A22-B96A-2E3E855D903D}.Debug|Android.ActiveCfg = Debug|iPhone
		{C1611D1E-E736-4A22-B96A-2E3E855D903D}.Debug|Any CPU.ActiveCfg = Debug|iPhone
		{C1611D1E-E736-4A22-B96A-2E3E855D903D}.Debug|ARM.ActiveCfg = Debug|iPhone
		{C1611D1E-E736-4A22-B96A-2E3E855D903D}.Debug|iPhone.ActiveCfg = Debug|iPhone
		{C1611D1E-E736-4A22-B96A-2E3E855D903D}.Debug|iPhone.Build.0 = Debug|iPhone
		{C1611D1E-E736-4A22-B96A-2E3E855D903D}.Debug|iPhoneSimulator.ActiveCfg = Debug|iPhoneSimulator
		{C1611D1E-E736-4A22-B96A-2E3E855D903D}.Debug|iPhoneSimulator.Build.0 = Debug|iPhoneSimulator
		{C1611D1E-E736-4A22-B96A-2E3E855D903D}.Debug|x86.ActiveCfg = Debug|iPhone
		{C1611D1E-E736-4A22-B96A-2E3E855D903D}.Release|Android.ActiveCfg = Release|iPhone
		{C1611D1E-E736-4A22-B96A-2E3E855D903D}.Release|Any CPU.ActiveCfg = Release|iPhone
		{C1611D1E-E736-4A22-B96A-2E3E855D903D}.Release|ARM.ActiveCfg = Release|iPhone
		{C1611D1E-E736-4A22-B96A-2E3E855D903D}.Release|iPhone.ActiveCfg = Release|iPhone
		{C1611D1E-E736-4A22-B96A-2E3E855D903D}.Release|iPhone.Build.0 = Release|iPhone
		{C1611D1E-E736-4A22-B96A-2E3E855D903D}.Release|iPhoneSimulator.ActiveCfg = Release|iPhoneSimulator
		{C1611D1E-E736-4A22-B96A-2E3E855D903D}.Release|iPhoneSimulator.Build.0 = Release|iPhoneSimulator
		{C1611D1E-E736-4A22-B96A-2E3E855D903D}.Release|x86.ActiveCfg = Release|iPhone
		{CB74C572-838B-4221-A998-39210C0B4EB1}.Ad-Hoc|Android.ActiveCfg = Release|Any CPU
		{CB74C572-838B-4221-A998-39210C0B4EB1}.Ad-Hoc|Android.Build.0 = Release|Any CPU
		{CB74C572-838B-4221-A998-39210C0B4EB1}.Ad-Hoc|Android.Deploy.0 = Release|Any CPU
		{CB74C572-838B-4221-A998-39210C0B4EB1}.Ad-Hoc|Any CPU.ActiveCfg = Release|Any CPU
		{CB74C572-838B-4221-A998-39210C0B4EB1}.Ad-Hoc|Any CPU.Build.0 = Release|Any CPU
		{CB74C572-838B-4221-A998-39210C0B4EB1}.Ad-Hoc|Any CPU.Deploy.0 = Release|Any CPU
		{CB74C572-838B-4221-A998-39210C0B4EB1}.Ad-Hoc|ARM.ActiveCfg = Release|ARM
		{CB74C572-838B-4221-A998-39210C0B4EB1}.Ad-Hoc|ARM.Build.0 = Release|ARM
		{CB74C572-838B-4221-A998-39210C0B4EB1}.Ad-Hoc|ARM.Deploy.0 = Release|ARM
		{CB74C572-838B-4221-A998-39210C0B4EB1}.Ad-Hoc|iPhone.ActiveCfg = Release|Any CPU
		{CB74C572-838B-4221-A998-39210C0B4EB1}.Ad-Hoc|iPhone.Build.0 = Release|Any CPU
		{CB74C572-838B-4221-A998-39210C0B4EB1}.Ad-Hoc|iPhone.Deploy.0 = Release|Any CPU
		{CB74C572-838B-4221-A998-39210C0B4EB1}.Ad-Hoc|iPhoneSimulator.ActiveCfg = Release|Any CPU
		{CB74C572-838B-4221-A998-39210C0B4EB1}.Ad-Hoc|iPhoneSimulator.Build.0 = Release|Any CPU
		{CB74C572-838B-4221-A998-39210C0B4EB1}.Ad-Hoc|iPhoneSimulator.Deploy.0 = Release|Any CPU
		{CB74C572-838B-4221-A998-39210C0B4EB1}.Ad-Hoc|x86.ActiveCfg = Release|x86
		{CB74C572-838B-4221-A998-39210C0B4EB1}.Ad-Hoc|x86.Build.0 = Release|x86
		{CB74C572-838B-4221-A998-39210C0B4EB1}.Ad-Hoc|x86.Deploy.0 = Release|x86
		{CB74C572-838B-4221-A998-39210C0B4EB1}.AppStore|Android.ActiveCfg = Release|Any CPU
		{CB74C572-838B-4221-A998-39210C0B4EB1}.AppStore|Android.Build.0 = Release|Any CPU
		{CB74C572-838B-4221-A998-39210C0B4EB1}.AppStore|Android.Deploy.0 = Release|Any CPU
		{CB74C572-838B-4221-A998-39210C0B4EB1}.AppStore|Any CPU.ActiveCfg = Release|Any CPU
		{CB74C572-838B-4221-A998-39210C0B4EB1}.AppStore|Any CPU.Build.0 = Release|Any CPU
		{CB74C572-838B-4221-A998-39210C0B4EB1}.AppStore|Any CPU.Deploy.0 = Release|Any CPU
		{CB74C572-838B-4221-A998-39210C0B4EB1}.AppStore|ARM.ActiveCfg = Release|ARM
		{CB74C572-838B-4221-A998-39210C0B4EB1}.AppStore|ARM.Build.0 = Release|ARM
		{CB74C572-838B-4221-A998-39210C0B4EB1}.AppStore|ARM.Deploy.0 = Release|ARM
		{CB74C572-838B-4221-A998-39210C0B4EB1}.AppStore|iPhone.ActiveCfg = Release|Any CPU
		{CB74C572-838B-4221-A998-39210C0B4EB1}.AppStore|iPhone.Build.0 = Release|Any CPU
		{CB74C572-838B-4221-A998-39210C0B4EB1}.AppStore|iPhone.Deploy.0 = Release|Any CPU
		{CB74C572-838B-4221-A998-39210C0B4EB1}.AppStore|iPhoneSimulator.ActiveCfg = Release|Any CPU
		{CB74C572-838B-4221-A998-39210C0B4EB1}.AppStore|iPhoneSimulator.Build.0 = Release|Any CPU
		{CB74C572-838B-4221-A998-39210C0B4EB1}.AppStore|iPhoneSimulator.Deploy.0 = Release|Any CPU
		{CB74C572-838B-4221-A998-39210C0B4EB1}.AppStore|x86.ActiveCfg = Release|x86
		{CB74C572-838B-4221-A998-39210C0B4EB1}.AppStore|x86.Build.0 = Release|x86
		{CB74C572-838B-4221-A998-39210C0B4EB1}.AppStore|x86.Deploy.0 = Release|x86
		{CB74C572-838B-4221-A998-39210C0B4EB1}.Debug|Android.ActiveCfg = Debug|Any CPU
		{CB74C572-838B-4221-A998-39210C0B4EB1}.Debug|Any CPU.ActiveCfg = Debug|Any CPU
		{CB74C572-838B-4221-A998-39210C0B4EB1}.Debug|Any CPU.Build.0 = Debug|Any CPU
		{CB74C572-838B-4221-A998-39210C0B4EB1}.Debug|Any CPU.Deploy.0 = Debug|Any CPU
		{CB74C572-838B-4221-A998-39210C0B4EB1}.Debug|ARM.ActiveCfg = Debug|ARM
		{CB74C572-838B-4221-A998-39210C0B4EB1}.Debug|iPhone.ActiveCfg = Debug|Any CPU
		{CB74C572-838B-4221-A998-39210C0B4EB1}.Debug|iPhoneSimulator.ActiveCfg = Debug|Any CPU
		{CB74C572-838B-4221-A998-39210C0B4EB1}.Debug|x86.ActiveCfg = Debug|x86
		{CB74C572-838B-4221-A998-39210C0B4EB1}.Debug|x86.Build.0 = Debug|x86
		{CB74C572-838B-4221-A998-39210C0B4EB1}.Debug|x86.Deploy.0 = Debug|x86
		{CB74C572-838B-4221-A998-39210C0B4EB1}.Release|Android.ActiveCfg = Release|Any CPU
		{CB74C572-838B-4221-A998-39210C0B4EB1}.Release|Android.Build.0 = Release|Any CPU
		{CB74C572-838B-4221-A998-39210C0B4EB1}.Release|Android.Deploy.0 = Release|Any CPU
		{CB74C572-838B-4221-A998-39210C0B4EB1}.Release|Any CPU.ActiveCfg = Release|Any CPU
		{CB74C572-838B-4221-A998-39210C0B4EB1}.Release|Any CPU.Build.0 = Release|Any CPU
		{CB74C572-838B-4221-A998-39210C0B4EB1}.Release|Any CPU.Deploy.0 = Release|Any CPU
		{CB74C572-838B-4221-A998-39210C0B4EB1}.Release|ARM.ActiveCfg = Release|ARM
		{CB74C572-838B-4221-A998-39210C0B4EB1}.Release|ARM.Build.0 = Release|ARM
		{CB74C572-838B-4221-A998-39210C0B4EB1}.Release|ARM.Deploy.0 = Release|ARM
		{CB74C572-838B-4221-A998-39210C0B4EB1}.Release|iPhone.ActiveCfg = Release|Any CPU
		{CB74C572-838B-4221-A998-39210C0B4EB1}.Release|iPhone.Build.0 = Release|Any CPU
		{CB74C572-838B-4221-A998-39210C0B4EB1}.Release|iPhone.Deploy.0 = Release|Any CPU
		{CB74C572-838B-4221-A998-39210C0B4EB1}.Release|iPhoneSimulator.ActiveCfg = Release|Any CPU
		{CB74C572-838B-4221-A998-39210C0B4EB1}.Release|iPhoneSimulator.Build.0 = Release|Any CPU
		{CB74C572-838B-4221-A998-39210C0B4EB1}.Release|iPhoneSimulator.Deploy.0 = Release|Any CPU
		{CB74C572-838B-4221-A998-39210C0B4EB1}.Release|x86.ActiveCfg = Release|x86
		{CB74C572-838B-4221-A998-39210C0B4EB1}.Release|x86.Build.0 = Release|x86
		{CB74C572-838B-4221-A998-39210C0B4EB1}.Release|x86.Deploy.0 = Release|x86
		{C46753E6-E5CA-4AA9-87D2-004764DB26D5}.Ad-Hoc|Android.ActiveCfg = Release|Any CPU
		{C46753E6-E5CA-4AA9-87D2-004764DB26D5}.Ad-Hoc|Android.Build.0 = Release|Any CPU
		{C46753E6-E5CA-4AA9-87D2-004764DB26D5}.Ad-Hoc|Any CPU.ActiveCfg = Release|Any CPU
		{C46753E6-E5CA-4AA9-87D2-004764DB26D5}.Ad-Hoc|Any CPU.Build.0 = Release|Any CPU
		{C46753E6-E5CA-4AA9-87D2-004764DB26D5}.Ad-Hoc|ARM.ActiveCfg = Release|Any CPU
		{C46753E6-E5CA-4AA9-87D2-004764DB26D5}.Ad-Hoc|ARM.Build.0 = Release|Any CPU
		{C46753E6-E5CA-4AA9-87D2-004764DB26D5}.Ad-Hoc|iPhone.ActiveCfg = Release|Any CPU
		{C46753E6-E5CA-4AA9-87D2-004764DB26D5}.Ad-Hoc|iPhone.Build.0 = Release|Any CPU
		{C46753E6-E5CA-4AA9-87D2-004764DB26D5}.Ad-Hoc|iPhoneSimulator.ActiveCfg = Release|Any CPU
		{C46753E6-E5CA-4AA9-87D2-004764DB26D5}.Ad-Hoc|iPhoneSimulator.Build.0 = Release|Any CPU
		{C46753E6-E5CA-4AA9-87D2-004764DB26D5}.Ad-Hoc|x86.ActiveCfg = Release|Any CPU
		{C46753E6-E5CA-4AA9-87D2-004764DB26D5}.Ad-Hoc|x86.Build.0 = Release|Any CPU
		{C46753E6-E5CA-4AA9-87D2-004764DB26D5}.AppStore|Android.ActiveCfg = Release|Any CPU
		{C46753E6-E5CA-4AA9-87D2-004764DB26D5}.AppStore|Android.Build.0 = Release|Any CPU
		{C46753E6-E5CA-4AA9-87D2-004764DB26D5}.AppStore|Any CPU.ActiveCfg = Release|Any CPU
		{C46753E6-E5CA-4AA9-87D2-004764DB26D5}.AppStore|Any CPU.Build.0 = Release|Any CPU
		{C46753E6-E5CA-4AA9-87D2-004764DB26D5}.AppStore|ARM.ActiveCfg = Release|Any CPU
		{C46753E6-E5CA-4AA9-87D2-004764DB26D5}.AppStore|ARM.Build.0 = Release|Any CPU
		{C46753E6-E5CA-4AA9-87D2-004764DB26D5}.AppStore|iPhone.ActiveCfg = Release|Any CPU
		{C46753E6-E5CA-4AA9-87D2-004764DB26D5}.AppStore|iPhone.Build.0 = Release|Any CPU
		{C46753E6-E5CA-4AA9-87D2-004764DB26D5}.AppStore|iPhoneSimulator.ActiveCfg = Release|Any CPU
		{C46753E6-E5CA-4AA9-87D2-004764DB26D5}.AppStore|iPhoneSimulator.Build.0 = Release|Any CPU
		{C46753E6-E5CA-4AA9-87D2-004764DB26D5}.AppStore|x86.ActiveCfg = Release|Any CPU
		{C46753E6-E5CA-4AA9-87D2-004764DB26D5}.AppStore|x86.Build.0 = Release|Any CPU
		{C46753E6-E5CA-4AA9-87D2-004764DB26D5}.Debug|Android.ActiveCfg = Debug|Any CPU
		{C46753E6-E5CA-4AA9-87D2-004764DB26D5}.Debug|Android.Build.0 = Debug|Any CPU
		{C46753E6-E5CA-4AA9-87D2-004764DB26D5}.Debug|Any CPU.ActiveCfg = Debug|Any CPU
		{C46753E6-E5CA-4AA9-87D2-004764DB26D5}.Debug|Any CPU.Build.0 = Debug|Any CPU
		{C46753E6-E5CA-4AA9-87D2-004764DB26D5}.Debug|ARM.ActiveCfg = Debug|Any CPU
		{C46753E6-E5CA-4AA9-87D2-004764DB26D5}.Debug|ARM.Build.0 = Debug|Any CPU
		{C46753E6-E5CA-4AA9-87D2-004764DB26D5}.Debug|iPhone.ActiveCfg = Debug|Any CPU
		{C46753E6-E5CA-4AA9-87D2-004764DB26D5}.Debug|iPhone.Build.0 = Debug|Any CPU
		{C46753E6-E5CA-4AA9-87D2-004764DB26D5}.Debug|iPhoneSimulator.ActiveCfg = Debug|Any CPU
		{C46753E6-E5CA-4AA9-87D2-004764DB26D5}.Debug|iPhoneSimulator.Build.0 = Debug|Any CPU
		{C46753E6-E5CA-4AA9-87D2-004764DB26D5}.Debug|x86.ActiveCfg = Debug|Any CPU
		{C46753E6-E5CA-4AA9-87D2-004764DB26D5}.Debug|x86.Build.0 = Debug|Any CPU
		{C46753E6-E5CA-4AA9-87D2-004764DB26D5}.Release|Android.ActiveCfg = Release|Any CPU
		{C46753E6-E5CA-4AA9-87D2-004764DB26D5}.Release|Android.Build.0 = Release|Any CPU
		{C46753E6-E5CA-4AA9-87D2-004764DB26D5}.Release|Any CPU.ActiveCfg = Release|Any CPU
		{C46753E6-E5CA-4AA9-87D2-004764DB26D5}.Release|Any CPU.Build.0 = Release|Any CPU
		{C46753E6-E5CA-4AA9-87D2-004764DB26D5}.Release|ARM.ActiveCfg = Release|Any CPU
		{C46753E6-E5CA-4AA9-87D2-004764DB26D5}.Release|ARM.Build.0 = Release|Any CPU
		{C46753E6-E5CA-4AA9-87D2-004764DB26D5}.Release|iPhone.ActiveCfg = Release|Any CPU
		{C46753E6-E5CA-4AA9-87D2-004764DB26D5}.Release|iPhone.Build.0 = Release|Any CPU
		{C46753E6-E5CA-4AA9-87D2-004764DB26D5}.Release|iPhoneSimulator.ActiveCfg = Release|Any CPU
		{C46753E6-E5CA-4AA9-87D2-004764DB26D5}.Release|iPhoneSimulator.Build.0 = Release|Any CPU
		{C46753E6-E5CA-4AA9-87D2-004764DB26D5}.Release|x86.ActiveCfg = Release|Any CPU
		{C46753E6-E5CA-4AA9-87D2-004764DB26D5}.Release|x86.Build.0 = Release|Any CPU
	EndGlobalSection
	GlobalSection(SolutionProperties) = preSolution
		HideSolutionNode = FALSE
	EndGlobalSection
EndGlobal
